{
  "version": 4,
  "terraform_version": "1.12.2",
  "serial": 25,
  "lineage": "fb5db48c-d252-a5c4-7196-fbd9a89bd72e",
  "outputs": {
    "kubernetes_cluster_location": {
      "value": "us-central1-a",
      "type": "string"
    },
    "kubernetes_cluster_name": {
      "value": "devsu-demo-devops-cluster",
      "type": "string"
    }
  },
  "resources": [
    {
      "mode": "managed",
      "type": "google_container_cluster",
      "name": "primary",
      "provider": "provider[\"registry.terraform.io/hashicorp/google\"]",
      "instances": [
        {
          "schema_version": 2,
          "attributes": {
            "addons_config": [
              {
                "cloudrun_config": [],
                "config_connector_config": [],
                "dns_cache_config": [],
                "gce_persistent_disk_csi_driver_config": [
                  {
                    "enabled": true
                  }
                ],
                "gcp_filestore_csi_driver_config": [],
                "gcs_fuse_csi_driver_config": [],
                "gke_backup_agent_config": [],
                "horizontal_pod_autoscaling": [],
                "http_load_balancing": [],
                "network_policy_config": [
                  {
                    "disabled": true
                  }
                ],
                "ray_operator_config": [],
                "stateful_ha_config": []
              }
            ],
            "allow_net_admin": null,
            "authenticator_groups_config": [],
            "binary_authorization": [
              {
                "enabled": false,
                "evaluation_mode": ""
              }
            ],
            "cluster_autoscaling": [
              {
                "auto_provisioning_defaults": [],
                "auto_provisioning_locations": [],
                "autoscaling_profile": "BALANCED",
                "enabled": false,
                "resource_limits": []
              }
            ],
            "cluster_ipv4_cidr": "10.104.0.0/14",
            "confidential_nodes": [],
            "cost_management_config": [],
            "database_encryption": [
              {
                "key_name": "",
                "state": "DECRYPTED"
              }
            ],
            "datapath_provider": "",
            "default_max_pods_per_node": 110,
            "default_snat_status": [
              {
                "disabled": false
              }
            ],
            "deletion_protection": false,
            "description": "",
            "dns_config": [],
            "enable_autopilot": false,
            "enable_cilium_clusterwide_network_policy": false,
            "enable_intranode_visibility": false,
            "enable_k8s_beta_apis": [],
            "enable_kubernetes_alpha": false,
            "enable_l4_ilb_subsetting": false,
            "enable_legacy_abac": false,
            "enable_multi_networking": false,
            "enable_shielded_nodes": true,
            "enable_tpu": false,
            "endpoint": "35.232.31.196",
            "fleet": [],
            "gateway_api_config": [],
            "id": "projects/devsu-devops-demo/locations/us-central1-a/clusters/devsu-demo-devops-cluster",
            "identity_service_config": [],
            "initial_node_count": 0,
            "ip_allocation_policy": [
              {
                "additional_pod_ranges_config": [],
                "cluster_ipv4_cidr_block": "10.104.0.0/14",
                "cluster_secondary_range_name": "gke-devsu-demo-devops-cluster-pods-30f1a5fa",
                "pod_cidr_overprovision_config": [
                  {
                    "disabled": false
                  }
                ],
                "services_ipv4_cidr_block": "34.118.224.0/20",
                "services_secondary_range_name": "",
                "stack_type": "IPV4"
              }
            ],
            "label_fingerprint": "a9dc16a7",
            "location": "us-central1-a",
            "logging_config": [
              {
                "enable_components": [
                  "SYSTEM_COMPONENTS",
                  "WORKLOADS"
                ]
              }
            ],
            "logging_service": "logging.googleapis.com/kubernetes",
            "maintenance_policy": [],
            "master_auth": [
              {
                "client_certificate": "",
                "client_certificate_config": [
                  {
                    "issue_client_certificate": false
                  }
                ],
                "client_key": "",
                "cluster_ca_certificate": "LS0tLS1CRUdJTiBDRVJUSUZJQ0FURS0tLS0tCk1JSUVMVENDQXBXZ0F3SUJBZ0lSQUtDcVpFakh5TVZhSXJJZDduRHltcTR3RFFZSktvWklodmNOQVFFTEJRQXcKTHpFdE1Dc0dBMVVFQXhNa1pHUmlPV1ZsWVRRdE1XUXhZaTAwTXpOaExUaGpNemt0T0RZMU1UY3dNREkxWXpoawpNQ0FYRFRJMU1EY3dOVEF4TWpNMU4xb1lEekl3TlRVd05qSTRNREl5TXpVM1dqQXZNUzB3S3dZRFZRUURFeVJrClpHSTVaV1ZoTkMweFpERmlMVFF6TTJFdE9HTXpPUzA0TmpVeE56QXdNalZqT0dRd2dnR2lNQTBHQ1NxR1NJYjMKRFFFQkFRVUFBNElCandBd2dnR0tBb0lCZ1FDdTBXa0MvMDJIZjM3WlNJd0tIWndMY2VOQTdPODJLWEJ0dHRCUwpiL2hiTzFTTENCViszbEZ2Wkx2OExzakpUZU9RVFA2cUlyYS9xV0s2MHRCUlltczk1SFRuRUd0YitJaVhuaDBUCndUQytha2lqajhxdEZxQWFibUljUG5sWEFHb0JiYmZSRVdyRGhrNlJZNU1RRWdiZUVtOUlCUUZNY01NYjdCVzcKRnRXNXptTkRFRTlld1BQdlNxcWc3TXVBUjZ2RHc5dWh0Y3JNYTJlNEQyZ1JmanZFWmNtTDcwNWluSHFjNUl5Swo1elV4b1pVMVp4WERkMThlc2ozMEdoN1ArYk1FSXZrUEhQSW5rTFZtREhKa2hjaS9ITHcxNE0yNTNlWjhseVhGCmpzWEY5WGQzQ3ZRTFBvRXoxcFovek4rT1VLcndGMGhyUWZPc2JGRDI5YTNkeXlZRXdpUUFKUmlRYUJYUVN0ZzkKa0JBMkh5SnU1WFd0UEthSnZTNjN0WjIrYS8xZ2ZjNnZHKzI5ekRGOVYwaXViYlQzTGFOcTV3TmpGZUNnZ0pCegowOE9kWXUvWlovL3NFa3pRbUF5NzhZVmVoZlMydmM3ZjQveTlFVmJFUE42TXMvcUlXOFpHTlRocC8xUGtjbXNtCmVLV3lIanFjcHhoMTBZQ0J6aXNpZERqVmpjY0NBd0VBQWFOQ01FQXdEZ1lEVlIwUEFRSC9CQVFEQWdJRU1BOEcKQTFVZEV3RUIvd1FGTUFNQkFmOHdIUVlEVlIwT0JCWUVGT2ZPOXlFUGl5clhnY3RwYi9SaU1UV1NtYW85TUEwRwpDU3FHU0liM0RRRUJDd1VBQTRJQmdRQmYyM1RPTVBTdjVZQ3VTY1I5QkRGb3p2d2FaUHdIT1o1OGtwMGVyZWJoCkRDekNNLy9ZbkJ4Nko3Y0hFQTd5eWFtWGNhZHZJS3hMMFJTRUtyakZPOTE1bjF2enEyRWpXUzYrL29rN1hMUVYKSlloYkx1cW5KSUYzOUR1cVlTVVlNSG9zOTBaQUwvRTUvMzEzU3FJc2pOSU5WUFFYbTlkL3hyNklpUkNQT0pUdwoyK0I5dGhzS2RPRDRaYWVwUFYyaVRDR1hOUlBNVkxsUTRiY3EyWGFLM3MwcTFLV3VUdm9HZjVnNHFncVc1UlJWCmhDcDhLZENzUnVYeWhoSmdIcEVrOXZpMjVMQUJhRkFOL2k1UVVibGRCRmV4aUs4dTJkelZqY3QrSjg5azdIWXAKWHVEc244aU45WVJ4aS8xQnVCZmhzMXRoN3VkS3ZwbUZtTjJZYStZVjE5bjJ3UnVqN3JtUUhsM2F4OUV2WGI0egp3bTNxb0VSNUFKc3pNUTRvUDBDb1RvSStZeVN3NDdjc0pDcEIvYVdINSs2QkF2c3hpSTRjVDBXZlk1bWdvK2VMCm9nbVdlWnQ1VHl2RUxKSVBNdGF3RFVsVVFCTFc3VnhGN09JNmZnSWR3aWFsUEtESkVvTXFKZU1heW5KUU1IeU4KbGs4YXNwMzd1d2tHYnhPTktVSFpjbU09Ci0tLS0tRU5EIENFUlRJRklDQVRFLS0tLS0K"
              }
            ],
            "master_authorized_networks_config": [],
            "master_version": "1.32.4-gke.1415000",
            "mesh_certificates": [],
            "min_master_version": null,
            "monitoring_config": [
              {
                "advanced_datapath_observability_config": [
                  {
                    "enable_metrics": false,
                    "enable_relay": false,
                    "relay_mode": "DISABLED"
                  }
                ],
                "enable_components": [
                  "SYSTEM_COMPONENTS",
                  "STORAGE",
                  "HPA",
                  "POD",
                  "DAEMONSET",
                  "DEPLOYMENT",
                  "STATEFULSET",
                  "JOBSET",
                  "KUBELET",
                  "CADVISOR",
                  "DCGM"
                ],
                "managed_prometheus": [
                  {
                    "enabled": true
                  }
                ]
              }
            ],
            "monitoring_service": "monitoring.googleapis.com/kubernetes",
            "name": "devsu-demo-devops-cluster",
            "network": "projects/devsu-devops-demo/global/networks/default",
            "network_policy": [
              {
                "enabled": false,
                "provider": "PROVIDER_UNSPECIFIED"
              }
            ],
            "networking_mode": "VPC_NATIVE",
            "node_config": [],
            "node_locations": [],
            "node_pool": [],
            "node_pool_auto_config": [
              {
                "network_tags": [],
                "node_kubelet_config": [
                  {
                    "insecure_kubelet_readonly_port_enabled": "FALSE"
                  }
                ],
                "resource_manager_tags": {}
              }
            ],
            "node_pool_defaults": [
              {
                "node_config_defaults": [
                  {
                    "containerd_config": [],
                    "insecure_kubelet_readonly_port_enabled": "FALSE",
                    "logging_variant": "DEFAULT"
                  }
                ]
              }
            ],
            "node_version": "1.32.4-gke.1415000",
            "notification_config": [
              {
                "pubsub": [
                  {
                    "enabled": false,
                    "filter": [],
                    "topic": ""
                  }
                ]
              }
            ],
            "operation": null,
            "private_cluster_config": [
              {
                "enable_private_endpoint": false,
                "enable_private_nodes": false,
                "master_global_access_config": [
                  {
                    "enabled": false
                  }
                ],
                "master_ipv4_cidr_block": "",
                "peering_name": "",
                "private_endpoint": "10.128.0.36",
                "private_endpoint_subnetwork": "",
                "public_endpoint": "35.232.31.196"
              }
            ],
            "private_ipv6_google_access": "",
            "project": "devsu-devops-demo",
            "release_channel": [
              {
                "channel": "REGULAR"
              }
            ],
            "remove_default_node_pool": true,
            "resource_labels": {},
            "resource_usage_export_config": [],
            "security_posture_config": [
              {
                "mode": "BASIC",
                "vulnerability_mode": "VULNERABILITY_MODE_UNSPECIFIED"
              }
            ],
            "self_link": "https://container.googleapis.com/v1/projects/devsu-devops-demo/zones/us-central1-a/clusters/devsu-demo-devops-cluster",
            "service_external_ips_config": [
              {
                "enabled": false
              }
            ],
            "services_ipv4_cidr": "34.118.224.0/20",
            "subnetwork": "projects/devsu-devops-demo/regions/us-central1/subnetworks/default",
            "timeouts": null,
            "tpu_ipv4_cidr_block": "",
            "vertical_pod_autoscaling": [],
            "workload_identity_config": []
          },
          "sensitive_attributes": [
            [
              {
                "type": "get_attr",
                "value": "master_auth"
              },
              {
                "type": "index",
                "value": {
                  "value": 0,
                  "type": "number"
                }
              },
              {
                "type": "get_attr",
                "value": "client_key"
              }
            ]
          ],
          "identity_schema_version": 0,
          "private": "eyJlMmJmYjczMC1lY2FhLTExZTYtOGY4OC0zNDM2M2JjN2M0YzAiOnsiY3JlYXRlIjoyNDAwMDAwMDAwMDAwLCJkZWxldGUiOjI0MDAwMDAwMDAwMDAsInJlYWQiOjI0MDAwMDAwMDAwMDAsInVwZGF0ZSI6MzYwMDAwMDAwMDAwMH0sInNjaGVtYV92ZXJzaW9uIjoiMiJ9"
        }
      ]
    },
    {
      "mode": "managed",
      "type": "google_container_node_pool",
      "name": "custom_pool",
      "provider": "provider[\"registry.terraform.io/hashicorp/google\"]",
      "instances": [
        {
          "schema_version": 1,
          "attributes": {
            "autoscaling": [],
            "cluster": "devsu-demo-devops-cluster",
            "id": "projects/devsu-devops-demo/locations/us-central1-a/clusters/devsu-demo-devops-cluster/nodePools/custom-pool",
            "initial_node_count": 2,
            "instance_group_urls": [
              "https://www.googleapis.com/compute/v1/projects/devsu-devops-demo/zones/us-central1-a/instanceGroupManagers/gke-devsu-demo-devops-clu-custom-pool-47c8a7ce-grp"
            ],
            "location": "us-central1-a",
            "managed_instance_group_urls": [
              "https://www.googleapis.com/compute/v1/projects/devsu-devops-demo/zones/us-central1-a/instanceGroups/gke-devsu-demo-devops-clu-custom-pool-47c8a7ce-grp"
            ],
            "management": [
              {
                "auto_repair": true,
                "auto_upgrade": true
              }
            ],
            "max_pods_per_node": 110,
            "name": "custom-pool",
            "name_prefix": "",
            "network_config": [
              {
                "additional_node_network_configs": [],
                "additional_pod_network_configs": [],
                "create_pod_range": false,
                "enable_private_nodes": false,
                "network_performance_config": [],
                "pod_cidr_overprovision_config": [],
                "pod_ipv4_cidr_block": "10.104.0.0/14",
                "pod_range": "gke-devsu-demo-devops-cluster-pods-30f1a5fa"
              }
            ],
            "node_config": [
              {
                "advanced_machine_features": [],
                "boot_disk_kms_key": "",
                "confidential_nodes": [],
                "containerd_config": [],
                "disk_size_gb": 20,
                "disk_type": "pd-standard",
                "effective_taints": [],
                "enable_confidential_storage": false,
                "ephemeral_storage_local_ssd_config": [],
                "fast_socket": [],
                "gcfs_config": [],
                "guest_accelerator": [],
                "gvnic": [],
                "host_maintenance_policy": [],
                "image_type": "COS_CONTAINERD",
                "kubelet_config": [
                  {
                    "cpu_cfs_quota": false,
                    "cpu_cfs_quota_period": "",
                    "cpu_manager_policy": "",
                    "insecure_kubelet_readonly_port_enabled": "FALSE",
                    "pod_pids_limit": 0
                  }
                ],
                "labels": {},
                "linux_node_config": [],
                "local_nvme_ssd_block_config": [],
                "local_ssd_count": 0,
                "logging_variant": "DEFAULT",
                "machine_type": "e2-medium",
                "metadata": {
                  "disable-legacy-endpoints": "true"
                },
                "min_cpu_platform": "",
                "node_group": "",
                "oauth_scopes": [
                  "https://www.googleapis.com/auth/cloud-platform"
                ],
                "preemptible": false,
                "reservation_affinity": [],
                "resource_labels": {
                  "goog-gke-node-pool-provisioning-model": "on-demand"
                },
                "resource_manager_tags": null,
                "secondary_boot_disks": [],
                "service_account": "default",
                "shielded_instance_config": [
                  {
                    "enable_integrity_monitoring": true,
                    "enable_secure_boot": false
                  }
                ],
                "sole_tenant_config": [],
                "spot": false,
                "tags": null,
                "taint": [],
                "workload_metadata_config": []
              }
            ],
            "node_count": 2,
            "node_locations": [
              "us-central1-a"
            ],
            "operation": null,
            "placement_policy": [],
            "project": "devsu-devops-demo",
            "queued_provisioning": [],
            "timeouts": null,
            "upgrade_settings": [
              {
                "blue_green_settings": [],
                "max_surge": 1,
                "max_unavailable": 0,
                "strategy": "SURGE"
              }
            ],
            "version": "1.32.4-gke.1415000"
          },
          "sensitive_attributes": [],
          "identity_schema_version": 0,
          "private": "eyJlMmJmYjczMC1lY2FhLTExZTYtOGY4OC0zNDM2M2JjN2M0YzAiOnsiY3JlYXRlIjoxODAwMDAwMDAwMDAwLCJkZWxldGUiOjE4MDAwMDAwMDAwMDAsInVwZGF0ZSI6MTgwMDAwMDAwMDAwMH0sInNjaGVtYV92ZXJzaW9uIjoiMSJ9",
          "dependencies": [
            "google_container_cluster.primary"
          ]
        }
      ]
    }
  ],
  "check_results": null
}
